
Microsoft Visual Studio Solution File, Format Version 12.00
# Visual Studio Version 17
VisualStudioVersion = 17.0.31903.59
MinimumVisualStudioVersion = 10.0.40219.1
Project("{2150E333-8FDC-42A3-9474-1A3956D46DE8}") = "TasteTrailBlazor", "TasteTrailBlazor", "{196034A0-4A58-4949-97F9-94F9A47AA1E4}"
EndProject
Project("{FAE04EC0-301F-11D3-BF4B-00C04F79EFBC}") = "TasteTrailBlazor", "TasteTrailBlazor\src\TasteTrailBlazor.csproj", "{AC945971-3821-4648-B421-D21016622089}"
EndProject
Global
	GlobalSection(SolutionConfigurationPlatforms) = preSolution
		Debug|Any CPU = Debug|Any CPU
		Release|Any CPU = Release|Any CPU
	EndGlobalSection
	GlobalSection(SolutionProperties) = preSolution
		HideSolutionNode = FALSE
	EndGlobalSection
	GlobalSection(ProjectConfigurationPlatforms) = postSolution
		{AC945971-3821-4648-B421-D21016622089}.Debug|Any CPU.ActiveCfg = Debug|Any CPU
		{AC945971-3821-4648-B421-D21016622089}.Debug|Any CPU.Build.0 = Debug|Any CPU
		{AC945971-3821-4648-B421-D21016622089}.Release|Any CPU.ActiveCfg = Release|Any CPU
		{AC945971-3821-4648-B421-D21016622089}.Release|Any CPU.Build.0 = Release|Any CPU
	EndGlobalSection
	GlobalSection(NestedProjects) = preSolution
		{AC945971-3821-4648-B421-D21016622089} = {196034A0-4A58-4949-97F9-94F9A47AA1E4}
	EndGlobalSection
EndGlobal
